
Microsoft Visual Studio Solution File, Format Version 12.00
# Visual Studio Version 17
VisualStudioVersion = 17.5.001.0
MinimumVisualStudioVersion = 10.0.40219.1
Project("{9A19103F-16F7-4668-BE54-9A1E7A4F7556}") = "algoritme", "algoritme.csproj", "{D1C02EFF-93A5-435A-A7E6-C22517A347EE}"
EndProject
Global
	GlobalSection(SolutionConfigurationPlatforms) = preSolution
		Debug|Any CPU = Debug|Any CPU
		Release|Any CPU = Release|Any CPU
	EndGlobalSection
	GlobalSection(ProjectConfigurationPlatforms) = postSolution
		{D1C02EFF-93A5-435A-A7E6-C22517A347EE}.Debug|Any CPU.ActiveCfg = Debug|Any CPU
		{D1C02EFF-93A5-435A-A7E6-C22517A347EE}.Debug|Any CPU.Build.0 = Debug|Any CPU
		{D1C02EFF-93A5-435A-A7E6-C22517A347EE}.Release|Any CPU.ActiveCfg = Release|Any CPU
		{D1C02EFF-93A5-435A-A7E6-C22517A347EE}.Release|Any CPU.Build.0 = Release|Any CPU
	EndGlobalSection
	GlobalSection(SolutionProperties) = preSolution
		HideSolutionNode = FALSE
	EndGlobalSection
	GlobalSection(ExtensibilityGlobals) = postSolution
		SolutionGuid = {359BFD52-5F35-4E79-9B49-E8B82D9F472E}
	EndGlobalSection
EndGlobal
